{
  "requires": true,
  "lockfileVersion": 1,
  "dependencies": {
    "@architect/functions": {
      "version": "3.8.1",
      "resolved": "https://registry.npmjs.org/@architect/functions/-/functions-3.8.1.tgz",
      "integrity": "sha512-8cWjk92cvbxxur2nqz4tgjFTMnZyFc8lD4r58UjFmqBkfvuq15sm5yxpZNUX+eUfWiLbZkVQKwntODpKbZljfA==",
      "requires": {
        "aws-serverless-express": "^3.3.6",
        "cookie": "^0.4.0",
        "cookie-signature": "^1.1.0",
        "csrf": "^3.1.0",
        "mime-types": "^2.1.26",
        "node-webtokens": "^1.0.4",
        "run-parallel": "^1.1.9",
        "run-waterfall": "^1.1.6",
        "uid-safe": "^2.1.5"
      }
    },
    "@nodelib/fs.scandir": {
      "version": "2.1.3",
      "resolved": "https://registry.npmjs.org/@nodelib/fs.scandir/-/fs.scandir-2.1.3.tgz",
      "integrity": "sha512-eGmwYQn3gxo4r7jdQnkrrN6bY478C3P+a/y72IJukF8LjB6ZHeB3c+Ehacj3sYeSmUXGlnA67/PmbM9CVwL7Dw==",
      "requires": {
        "@nodelib/fs.stat": "2.0.3",
        "run-parallel": "^1.1.9"
      }
    },
    "@nodelib/fs.stat": {
      "version": "2.0.3",
      "resolved": "https://registry.npmjs.org/@nodelib/fs.stat/-/fs.stat-2.0.3.tgz",
      "integrity": "sha512-bQBFruR2TAwoevBEd/NWMoAAtNGzTRgdrqnYCc7dhzfoNvqPzLyqlEQnzZ3kVnNrSp25iyxE00/3h2fqGAGArA=="
    },
    "@nodelib/fs.walk": {
      "version": "1.2.4",
      "resolved": "https://registry.npmjs.org/@nodelib/fs.walk/-/fs.walk-1.2.4.tgz",
      "integrity": "sha512-1V9XOY4rDW0rehzbrcqAmHnz8e7SKvX27gh8Gt2WgB0+pdzdiLV83p72kZPU+jvMbS1qU5mauP2iOvO8rhmurQ==",
      "requires": {
        "@nodelib/fs.scandir": "2.1.3",
        "fastq": "^1.6.0"
      }
    },
    "aws-serverless-express": {
      "version": "3.3.7",
      "resolved": "https://registry.npmjs.org/aws-serverless-express/-/aws-serverless-express-3.3.7.tgz",
      "integrity": "sha512-mb+dlYF6Edv6l7o3W+uZg9sxxYIeI9q9H89RRN/sQTVUEOw8Ih2tZrWNMrY9zd+26OmNo5AuRlnYsswyGYD3Gg==",
      "requires": {
        "binary-case": "^1.0.0",
        "type-is": "^1.6.16"
      }
    },
    "binary-case": {
      "version": "1.1.4",
      "resolved": "https://registry.npmjs.org/binary-case/-/binary-case-1.1.4.tgz",
      "integrity": "sha512-9Kq8m6NZTAgy05Ryuh7U3Qc4/ujLQU1AZ5vMw4cr3igTdi5itZC6kCNrRr2X8NzPiDn2oUIFTfa71DKMnue/Zg=="
    },
    "braces": {
      "version": "3.0.2",
      "resolved": "https://registry.npmjs.org/braces/-/braces-3.0.2.tgz",
      "integrity": "sha512-b8um+L1RzM3WDSzvhm6gIz1yfTbBt6YTlcEKAvsmqCZZFw46z626lVj9j1yEPW33H5H+lBQpZMP1k8l+78Ha0A==",
      "requires": {
        "fill-range": "^7.0.1"
      }
    },
    "cookie": {
      "version": "0.4.0",
      "resolved": "https://registry.npmjs.org/cookie/-/cookie-0.4.0.tgz",
      "integrity": "sha512-+Hp8fLp57wnUSt0tY0tHEXh4voZRDnoIrZPqlo3DPiI4y9lwg/jqx+1Om94/W6ZaPDOUbnjOt/99w66zk+l1Xg=="
    },
    "cookie-signature": {
      "version": "1.1.0",
      "resolved": "https://registry.npmjs.org/cookie-signature/-/cookie-signature-1.1.0.tgz",
      "integrity": "sha512-Alvs19Vgq07eunykd3Xy2jF0/qSNv2u7KDbAek9H5liV1UMijbqFs5cycZvv5dVsvseT/U4H8/7/w8Koh35C4A=="
    },
    "csrf": {
      "version": "3.1.0",
      "resolved": "https://registry.npmjs.org/csrf/-/csrf-3.1.0.tgz",
      "integrity": "sha512-uTqEnCvWRk042asU6JtapDTcJeeailFy4ydOQS28bj1hcLnYRiqi8SsD2jS412AY1I/4qdOwWZun774iqywf9w==",
      "requires": {
        "rndm": "1.2.0",
        "tsscmp": "1.0.6",
        "uid-safe": "2.1.5"
      }
    },
    "esm": {
      "version": "3.2.25",
      "resolved": "https://registry.npmjs.org/esm/-/esm-3.2.25.tgz",
      "integrity": "sha512-U1suiZ2oDVWv4zPO56S0NcR5QriEahGtdN2OR6FiOG4WJvcjBVFB0qI4+eKoWFH483PKGuLuu6V8Z4T5g63UVA=="
    },
    "fast-glob": {
      "version": "3.2.2",
      "resolved": "https://registry.npmjs.org/fast-glob/-/fast-glob-3.2.2.tgz",
      "integrity": "sha512-UDV82o4uQyljznxwMxyVRJgZZt3O5wENYojjzbaGEGZgeOxkLFf+V4cnUD+krzb2F72E18RhamkMZ7AdeggF7A==",
      "requires": {
        "@nodelib/fs.stat": "^2.0.2",
        "@nodelib/fs.walk": "^1.2.3",
        "glob-parent": "^5.1.0",
        "merge2": "^1.3.0",
        "micromatch": "^4.0.2",
        "picomatch": "^2.2.1"
      }
    },
    "fastq": {
      "version": "1.6.1",
      "resolved": "https://registry.npmjs.org/fastq/-/fastq-1.6.1.tgz",
      "integrity": "sha512-mpIH5sKYueh3YyeJwqtVo8sORi0CgtmkVbK6kZStpQlZBYQuTzG2CZ7idSiJuA7bY0SFCWUc5WIs+oYumGCQNw==",
      "requires": {
        "reusify": "^1.0.4"
      }
    },
    "fill-range": {
      "version": "7.0.1",
      "resolved": "https://registry.npmjs.org/fill-range/-/fill-range-7.0.1.tgz",
      "integrity": "sha512-qOo9F+dMUmC2Lcb4BbVvnKJxTPjCm+RRpe4gDuGrzkL7mEVl/djYSu2OdQ2Pa302N4oqkSg9ir6jaLWJ2USVpQ==",
      "requires": {
        "to-regex-range": "^5.0.1"
      }
    },
    "glob-parent": {
      "version": "5.1.1",
      "resolved": "https://registry.npmjs.org/glob-parent/-/glob-parent-5.1.1.tgz",
      "integrity": "sha512-FnI+VGOpnlGHWZxthPGR+QhR78fuiK0sNLkHQv+bL9fQi57lNNdquIbna/WrfROrolq8GK5Ek6BiMwqL/voRYQ==",
      "requires": {
        "is-glob": "^4.0.1"
      }
    },
    "is-extglob": {
      "version": "2.1.1",
      "resolved": "https://registry.npmjs.org/is-extglob/-/is-extglob-2.1.1.tgz",
      "integrity": "sha1-qIwCU1eR8C7TfHahueqXc8gz+MI="
    },
    "is-glob": {
      "version": "4.0.1",
      "resolved": "https://registry.npmjs.org/is-glob/-/is-glob-4.0.1.tgz",
      "integrity": "sha512-5G0tKtBTFImOqDnLB2hG6Bp2qcKEFduo4tZu9MT/H6NQv/ghhy30o55ufafxJ/LdH79LLs2Kfrn85TLKyA7BUg==",
      "requires": {
        "is-extglob": "^2.1.1"
      }
    },
    "is-number": {
      "version": "7.0.0",
      "resolved": "https://registry.npmjs.org/is-number/-/is-number-7.0.0.tgz",
      "integrity": "sha512-41Cifkg6e8TylSpdtTpeLVMqvSBEVzTttHvERD741+pnZ8ANv0004MRL43QKPDlK9cGvNp6NZWZUBlbGXYxxng=="
    },
    "media-typer": {
      "version": "0.3.0",
      "resolved": "https://registry.npmjs.org/media-typer/-/media-typer-0.3.0.tgz",
      "integrity": "sha1-hxDXrwqmJvj/+hzgAWhUUmMlV0g="
    },
    "merge2": {
      "version": "1.3.0",
      "resolved": "https://registry.npmjs.org/merge2/-/merge2-1.3.0.tgz",
      "integrity": "sha512-2j4DAdlBOkiSZIsaXk4mTE3sRS02yBHAtfy127xRV3bQUFqXkjHCHLW6Scv7DwNRbIWNHH8zpnz9zMaKXIdvYw=="
    },
    "micromatch": {
      "version": "4.0.2",
      "resolved": "https://registry.npmjs.org/micromatch/-/micromatch-4.0.2.tgz",
      "integrity": "sha512-y7FpHSbMUMoyPbYUSzO6PaZ6FyRnQOpHuKwbo1G+Knck95XVU4QAiKdGEnj5wwoS7PlOgthX/09u5iFJ+aYf5Q==",
      "requires": {
        "braces": "^3.0.1",
        "picomatch": "^2.0.5"
      }
    },
    "mime-db": {
      "version": "1.43.0",
      "resolved": "https://registry.npmjs.org/mime-db/-/mime-db-1.43.0.tgz",
      "integrity": "sha512-+5dsGEEovYbT8UY9yD7eE4XTc4UwJ1jBYlgaQQF38ENsKR3wj/8q8RFZrF9WIZpB2V1ArTVFUva8sAul1NzRzQ=="
    },
    "mime-types": {
      "version": "2.1.26",
      "resolved": "https://registry.npmjs.org/mime-types/-/mime-types-2.1.26.tgz",
      "integrity": "sha512-01paPWYgLrkqAyrlDorC1uDwl2p3qZT7yl806vW7DvDoxwXi46jsjFbg+WdwotBIk6/MbEhO/dh5aZ5sNj/dWQ==",
      "requires": {
        "mime-db": "1.43.0"
      }
    },
    "node-webtokens": {
      "version": "1.0.4",
      "resolved": "https://registry.npmjs.org/node-webtokens/-/node-webtokens-1.0.4.tgz",
      "integrity": "sha512-Sla56CeSLWvPbwud2kogqf5edQtKNXZBtXDDpmOzAgNZjwETbK/Am6PXfs54iZPLBm8K8amZ9XWaCQwGqZmKyQ=="
    },
    "picomatch": {
      "version": "2.2.2",
      "resolved": "https://registry.npmjs.org/picomatch/-/picomatch-2.2.2.tgz",
      "integrity": "sha512-q0M/9eZHzmr0AulXyPwNfZjtwZ/RBZlbN3K3CErVrk50T2ASYI7Bye0EvekFY3IP1Nt2DHu0re+V2ZHIpMkuWg=="
    },
    "random-bytes": {
      "version": "1.0.0",
      "resolved": "https://registry.npmjs.org/random-bytes/-/random-bytes-1.0.0.tgz",
      "integrity": "sha1-T2ih3Arli9P7lYSMMDJNt11kNgs="
    },
    "reusify": {
      "version": "1.0.4",
      "resolved": "https://registry.npmjs.org/reusify/-/reusify-1.0.4.tgz",
      "integrity": "sha512-U9nH88a3fc/ekCF1l0/UP1IosiuIjyTh7hBvXVMHYgVcfGvt897Xguj2UOLDeI5BG2m7/uwyaLVT6fbtCwTyzw=="
    },
    "rndm": {
      "version": "1.2.0",
      "resolved": "https://registry.npmjs.org/rndm/-/rndm-1.2.0.tgz",
      "integrity": "sha1-8z/pz7Urv9UgqhgyO8ZdsRCht2w="
    },
    "run-parallel": {
      "version": "1.1.9",
      "resolved": "https://registry.npmjs.org/run-parallel/-/run-parallel-1.1.9.tgz",
      "integrity": "sha512-DEqnSRTDw/Tc3FXf49zedI638Z9onwUotBMiUFKmrO2sdFKIbXamXGQ3Axd4qgphxKB4kw/qP1w5kTxnfU1B9Q=="
    },
    "run-waterfall": {
      "version": "1.1.6",
      "resolved": "https://registry.npmjs.org/run-waterfall/-/run-waterfall-1.1.6.tgz",
      "integrity": "sha512-dApPbpIK0hbFi2zqfJxrsnfmJW2HCQHFrSsmqF3Fp9TKm5WVf++zE6BSw0hPcA7rPapO37h12Swk2E6Va3tF7Q=="
    },
    "to-regex-range": {
      "version": "5.0.1",
      "resolved": "https://registry.npmjs.org/to-regex-range/-/to-regex-range-5.0.1.tgz",
      "integrity": "sha512-65P7iz6X5yEr1cwcgvQxbbIw7Uk3gOy5dIdtZ4rDveLqhrdJP+Li/Hx6tyK0NEb+2GCyneCMJiGqrADCSNk8sQ==",
      "requires": {
        "is-number": "^7.0.0"
      }
    },
    "tsscmp": {
      "version": "1.0.6",
      "resolved": "https://registry.npmjs.org/tsscmp/-/tsscmp-1.0.6.tgz",
      "integrity": "sha512-LxhtAkPDTkVCMQjt2h6eBVY28KCjikZqZfMcC15YBeNjkgUpdCfBu5HoiOTDu86v6smE8yOjyEktJ8hlbANHQA=="
    },
    "type-is": {
      "version": "1.6.18",
      "resolved": "https://registry.npmjs.org/type-is/-/type-is-1.6.18.tgz",
      "integrity": "sha512-TkRKr9sUTxEH8MdfuCSP7VizJyzRNMjj2J2do2Jr3Kym598JVdEksuzPQCnlFPW4ky9Q+iA+ma9BGm06XQBy8g==",
      "requires": {
        "media-typer": "0.3.0",
        "mime-types": "~2.1.24"
      }
    },
    "uid-safe": {
      "version": "2.1.5",
      "resolved": "https://registry.npmjs.org/uid-safe/-/uid-safe-2.1.5.tgz",
      "integrity": "sha512-KPHm4VL5dDXKz01UuEd88Df+KzynaohSL9fBh096KWAxSKZQDI2uBrVqtvRM4rwrIrRRKsdLNML/lnaaVSRioA==",
      "requires": {
        "random-bytes": "~1.0.0"
      }
    }
  }
}
