# THIS IS AN AUTOGENERATED FILE. DO NOT EDIT THIS FILE DIRECTLY.
# yarn lockfile v1


"@turf/helpers@^6.2.0-alpha.0":
  version "6.2.0-alpha.0"
  resolved "https://registry.yarnpkg.com/@turf/helpers/-/helpers-6.2.0-alpha.0.tgz#6975b4d46eb372019591d42547dcd31a29e4c0ae"
  integrity sha512-OvRrP+63yzz4jmcdbv5EZpgNGEPtJCXb63t0g7LHoa+DKiYaSKF2zO8h1IV7XjiH4yj8gVWjuzxwRaqLrgEg+A==

"@turf/invariant@^6.2.0-alpha.0":
  version "6.2.0-alpha.0"
  resolved "https://registry.yarnpkg.com/@turf/invariant/-/invariant-6.2.0-alpha.0.tgz#0f384a2584fdb0afc7c8a0b6a9dad1bc146efaa5"
  integrity sha512-QDcOF883VMCS8sFdgsgawc9cWiq+hIdrTEL6nPFr47Sndq1rtkjK4F1upZFJ4PmhmGRc2+5WMfc6IbU2YDrN+w==
  dependencies:
    "@turf/helpers" "^6.2.0-alpha.0"

"@turf/union@^6.2.0-alpha.0":
  version "6.2.0-alpha.0"
  resolved "https://registry.yarnpkg.com/@turf/union/-/union-6.2.0-alpha.0.tgz#375243d55ebc0b3920b01d6b52a27d21ed2a61fe"
  integrity sha512-Vj0V4xkyB9muvGxG9m+36gL9rVPjUfFoglwQ+vyKcQeKxrSsZUxwYiWrBDLAVrT1bAUb8sDXOoiHyfGlyIJ1Uw==
  dependencies:
    "@turf/helpers" "^6.2.0-alpha.0"
    "@turf/invariant" "^6.2.0-alpha.0"
    martinez-polygon-clipping "^0.6.2"

esm@^3.2.25:
  version "3.2.25"
  resolved "https://registry.yarnpkg.com/esm/-/esm-3.2.25.tgz#342c18c29d56157688ba5ce31f8431fbb795cc10"
  integrity sha512-U1suiZ2oDVWv4zPO56S0NcR5QriEahGtdN2OR6FiOG4WJvcjBVFB0qI4+eKoWFH483PKGuLuu6V8Z4T5g63UVA==

martinez-polygon-clipping@^0.6.2:
  version "0.6.2"
  resolved "https://registry.yarnpkg.com/martinez-polygon-clipping/-/martinez-polygon-clipping-0.6.2.tgz#4b228660312c42b8dd21e2609fbfcab3dc835e90"
  integrity sha512-uHDcTSLK/2jMEF13LhzmmZwSHuyoLkjh+JmhbgMyYwHDyQJdcTvUYMOkyVEz4Hc0vCEN+qxyUt3GH0S0BorofA==
  dependencies:
    robust-predicates "^2.0.4"
    splaytree "^0.1.4"
    tinyqueue "^1.2.0"

robust-predicates@^2.0.4:
  version "2.0.4"
  resolved "https://registry.yarnpkg.com/robust-predicates/-/robust-predicates-2.0.4.tgz#0a2367a93abd99676d075981707f29cfb402248b"
  integrity sha512-l4NwboJM74Ilm4VKfbAtFeGq7aEjWL+5kVFcmgFA2MrdnQWx9iE/tUGvxY5HyMI7o/WpSIUFLbC5fbeaHgSCYg==

splaytree@^0.1.4:
  version "0.1.4"
  resolved "https://registry.yarnpkg.com/splaytree/-/splaytree-0.1.4.tgz#fc35475248edcc29d4938c9b67e43c6b7e55a659"
  integrity sha512-D50hKrjZgBzqD3FT2Ek53f2dcDLAQT8SSGrzj3vidNH5ISRgceeGVJ2dQIthKOuayqFXfFjXheHNo4bbt9LhRQ==

tinyqueue@^1.2.0:
  version "1.2.3"
  resolved "https://registry.yarnpkg.com/tinyqueue/-/tinyqueue-1.2.3.tgz#b6a61de23060584da29f82362e45df1ec7353f3d"
  integrity sha512-Qz9RgWuO9l8lT+Y9xvbzhPT2efIUIFd69N7eF7tJ9lnQl0iLj1M7peK7IoUGZL9DJHw9XftqLreccfxcQgYLxA==
