{
  "requires": true,
  "lockfileVersion": 1,
  "dependencies": {
    "@architect/functions": {
      "version": "3.8.1",
      "resolved": "https://registry.npmjs.org/@architect/functions/-/functions-3.8.1.tgz",
      "integrity": "sha512-8cWjk92cvbxxur2nqz4tgjFTMnZyFc8lD4r58UjFmqBkfvuq15sm5yxpZNUX+eUfWiLbZkVQKwntODpKbZljfA==",
      "requires": {
        "aws-serverless-express": "^3.3.6",
        "cookie": "^0.4.0",
        "cookie-signature": "^1.1.0",
        "csrf": "^3.1.0",
        "mime-types": "^2.1.26",
        "node-webtokens": "^1.0.4",
        "run-parallel": "^1.1.9",
        "run-waterfall": "^1.1.6",
        "uid-safe": "^2.1.5"
      }
    },
    "@turf/boolean-point-in-polygon": {
      "version": "6.0.1",
      "resolved": "https://registry.npmjs.org/@turf/boolean-point-in-polygon/-/boolean-point-in-polygon-6.0.1.tgz",
      "integrity": "sha512-FKLOZ124vkJhjzNSDcqpwp2NvfnsbYoUOt5iAE7uskt4svix5hcjIEgX9sELFTJpbLGsD1mUbKdfns8tZxcMNg==",
      "requires": {
        "@turf/helpers": "6.x",
        "@turf/invariant": "6.x"
      }
    },
    "@turf/helpers": {
      "version": "6.1.4",
      "resolved": "https://registry.npmjs.org/@turf/helpers/-/helpers-6.1.4.tgz",
      "integrity": "sha512-vJvrdOZy1ngC7r3MDA7zIGSoIgyrkWcGnNIEaqn/APmw+bVLF2gAW7HIsdTxd12s5wQMqEpqIQrmrbRRZ0xC7g=="
    },
    "@turf/invariant": {
      "version": "6.1.2",
      "resolved": "https://registry.npmjs.org/@turf/invariant/-/invariant-6.1.2.tgz",
      "integrity": "sha512-WU08Ph8j0J2jVGlQCKChXoCtI50BB3yEH21V++V0T4cR1T27HKCxkehV2sYMwTierfMBgjwSwDIsxnR4/2mWXg==",
      "requires": {
        "@turf/helpers": "6.x"
      }
    },
    "array-source": {
      "version": "0.0.4",
      "resolved": "https://registry.npmjs.org/array-source/-/array-source-0.0.4.tgz",
      "integrity": "sha512-frNdc+zBn80vipY+GdcJkLEbMWj3xmzArYApmUGxoiV8uAu/ygcs9icPdsGdA26h0MkHUMW6EN2piIvVx+M5Mw=="
    },
    "aws-serverless-express": {
      "version": "3.3.8",
      "resolved": "https://registry.npmjs.org/aws-serverless-express/-/aws-serverless-express-3.3.8.tgz",
      "integrity": "sha512-2TQdF5EhxnAtGeEi+wSi2M3xCfpiemuImnpU7HKih3onH0izJ/G2tkM+gwcGHZEsW/gLWFl/JjQAYGa3fILfvw==",
      "requires": {
        "binary-case": "^1.0.0",
        "type-is": "^1.6.16"
      }
    },
    "binary-case": {
      "version": "1.1.4",
      "resolved": "https://registry.npmjs.org/binary-case/-/binary-case-1.1.4.tgz",
      "integrity": "sha512-9Kq8m6NZTAgy05Ryuh7U3Qc4/ujLQU1AZ5vMw4cr3igTdi5itZC6kCNrRr2X8NzPiDn2oUIFTfa71DKMnue/Zg=="
    },
    "buffer-from": {
      "version": "1.1.1",
      "resolved": "https://registry.npmjs.org/buffer-from/-/buffer-from-1.1.1.tgz",
      "integrity": "sha512-MQcXEUbCKtEo7bhqEs6560Hyd4XaovZlO/k9V3hjVUF/zwW7KBVdSK4gIt/bzwS9MbR5qob+F5jusZsb0YQK2A=="
    },
    "commander": {
      "version": "2.20.3",
      "resolved": "https://registry.npmjs.org/commander/-/commander-2.20.3.tgz",
      "integrity": "sha512-GpVkmM8vF2vQUkj2LvZmD35JxeJOLCwJ9cUkugyk2nuhbv3+mJvpLYYt+0+USMxE+oj+ey/lJEnhZw75x/OMcQ=="
    },
    "concat-stream": {
      "version": "1.6.2",
      "resolved": "https://registry.npmjs.org/concat-stream/-/concat-stream-1.6.2.tgz",
      "integrity": "sha512-27HBghJxjiZtIk3Ycvn/4kbJk/1uZuJFfuPEns6LaEvpvG1f0hTea8lilrouyo9mVc2GWdcEZ8OLoGmSADlrCw==",
      "requires": {
        "buffer-from": "^1.0.0",
        "inherits": "^2.0.3",
        "readable-stream": "^2.2.2",
        "typedarray": "^0.0.6"
      }
    },
    "cookie": {
      "version": "0.4.0",
      "resolved": "https://registry.npmjs.org/cookie/-/cookie-0.4.0.tgz",
      "integrity": "sha512-+Hp8fLp57wnUSt0tY0tHEXh4voZRDnoIrZPqlo3DPiI4y9lwg/jqx+1Om94/W6ZaPDOUbnjOt/99w66zk+l1Xg=="
    },
    "cookie-signature": {
      "version": "1.1.0",
      "resolved": "https://registry.npmjs.org/cookie-signature/-/cookie-signature-1.1.0.tgz",
      "integrity": "sha512-Alvs19Vgq07eunykd3Xy2jF0/qSNv2u7KDbAek9H5liV1UMijbqFs5cycZvv5dVsvseT/U4H8/7/w8Koh35C4A=="
    },
    "core-util-is": {
      "version": "1.0.2",
      "resolved": "https://registry.npmjs.org/core-util-is/-/core-util-is-1.0.2.tgz",
      "integrity": "sha1-tf1UIgqivFq1eqtxQMlAdUUDwac="
    },
    "csrf": {
      "version": "3.1.0",
      "resolved": "https://registry.npmjs.org/csrf/-/csrf-3.1.0.tgz",
      "integrity": "sha512-uTqEnCvWRk042asU6JtapDTcJeeailFy4ydOQS28bj1hcLnYRiqi8SsD2jS412AY1I/4qdOwWZun774iqywf9w==",
      "requires": {
        "rndm": "1.2.0",
        "tsscmp": "1.0.6",
        "uid-safe": "2.1.5"
      }
    },
    "esm": {
      "version": "3.2.25",
      "resolved": "https://registry.npmjs.org/esm/-/esm-3.2.25.tgz",
      "integrity": "sha512-U1suiZ2oDVWv4zPO56S0NcR5QriEahGtdN2OR6FiOG4WJvcjBVFB0qI4+eKoWFH483PKGuLuu6V8Z4T5g63UVA=="
    },
    "file-source": {
      "version": "0.6.1",
      "resolved": "https://registry.npmjs.org/file-source/-/file-source-0.6.1.tgz",
      "integrity": "sha1-rhidSZN2a4Zad/g63Pm5pQTNN9w=",
      "requires": {
        "stream-source": "0.3"
      }
    },
    "geo-tz": {
      "version": "5.1.0",
      "resolved": "https://registry.npmjs.org/geo-tz/-/geo-tz-5.1.0.tgz",
      "integrity": "sha512-W5eiXHAgfQz41jDf0KvBjvwOblySw3yz7cjeUjwezKTVt9GILNCsoMN7xXWdS5PncH+ZS01IzjfiBs1WqHSJ8A==",
      "requires": {
        "@turf/boolean-point-in-polygon": "^6.0.1",
        "@turf/helpers": "^6.1.4",
        "geobuf": "^3.0.1",
        "pbf": "^3.2.0",
        "timed-cache": "^1.1.1"
      }
    },
    "geobuf": {
      "version": "3.0.1",
      "resolved": "https://registry.npmjs.org/geobuf/-/geobuf-3.0.1.tgz",
      "integrity": "sha512-6gwj0B9oJaOVcG1HFliN/nmsUFq4FRlVmMKyykQ7lV574PeRHJH6ByB7HZtwztpDzJc8RJHUQhH5jH7Sg6EYvA==",
      "requires": {
        "concat-stream": "^1.6.2",
        "pbf": "^3.1.0",
        "shapefile": "~0.6.6"
      }
    },
    "ieee754": {
      "version": "1.1.13",
      "resolved": "https://registry.npmjs.org/ieee754/-/ieee754-1.1.13.tgz",
      "integrity": "sha512-4vf7I2LYV/HaWerSo3XmlMkp5eZ83i+/CDluXi/IGTs/O1sejBNhTtnxzmRZfvOUqj7lZjqHkeTvpgSFDlWZTg=="
    },
    "inherits": {
      "version": "2.0.4",
      "resolved": "https://registry.npmjs.org/inherits/-/inherits-2.0.4.tgz",
      "integrity": "sha512-k/vGaX4/Yla3WzyMCvTQOXYeIHvqOKtnqBduzTHpzpQZzAskKMhZ2K+EnBiSM9zGSoIFeMpXKxa4dYeZIQqewQ=="
    },
    "isarray": {
      "version": "1.0.0",
      "resolved": "https://registry.npmjs.org/isarray/-/isarray-1.0.0.tgz",
      "integrity": "sha1-u5NdSFgsuhaMBoNJV6VKPgcSTxE="
    },
    "media-typer": {
      "version": "0.3.0",
      "resolved": "https://registry.npmjs.org/media-typer/-/media-typer-0.3.0.tgz",
      "integrity": "sha1-hxDXrwqmJvj/+hzgAWhUUmMlV0g="
    },
    "mime-db": {
      "version": "1.43.0",
      "resolved": "https://registry.npmjs.org/mime-db/-/mime-db-1.43.0.tgz",
      "integrity": "sha512-+5dsGEEovYbT8UY9yD7eE4XTc4UwJ1jBYlgaQQF38ENsKR3wj/8q8RFZrF9WIZpB2V1ArTVFUva8sAul1NzRzQ=="
    },
    "mime-types": {
      "version": "2.1.26",
      "resolved": "https://registry.npmjs.org/mime-types/-/mime-types-2.1.26.tgz",
      "integrity": "sha512-01paPWYgLrkqAyrlDorC1uDwl2p3qZT7yl806vW7DvDoxwXi46jsjFbg+WdwotBIk6/MbEhO/dh5aZ5sNj/dWQ==",
      "requires": {
        "mime-db": "1.43.0"
      }
    },
    "node-webtokens": {
      "version": "1.0.4",
      "resolved": "https://registry.npmjs.org/node-webtokens/-/node-webtokens-1.0.4.tgz",
      "integrity": "sha512-Sla56CeSLWvPbwud2kogqf5edQtKNXZBtXDDpmOzAgNZjwETbK/Am6PXfs54iZPLBm8K8amZ9XWaCQwGqZmKyQ=="
    },
    "path-source": {
      "version": "0.1.3",
      "resolved": "https://registry.npmjs.org/path-source/-/path-source-0.1.3.tgz",
      "integrity": "sha512-dWRHm5mIw5kw0cs3QZLNmpUWty48f5+5v9nWD2dw3Y0Hf+s01Ag8iJEWV0Sm0kocE8kK27DrIowha03e1YR+Qw==",
      "requires": {
        "array-source": "0.0",
        "file-source": "0.6"
      }
    },
    "pbf": {
      "version": "3.2.1",
      "resolved": "https://registry.npmjs.org/pbf/-/pbf-3.2.1.tgz",
      "integrity": "sha512-ClrV7pNOn7rtmoQVF4TS1vyU0WhYRnP92fzbfF75jAIwpnzdJXf8iTd4CMEqO4yUenH6NDqLiwjqlh6QgZzgLQ==",
      "requires": {
        "ieee754": "^1.1.12",
        "resolve-protobuf-schema": "^2.1.0"
      }
    },
    "process-nextick-args": {
      "version": "2.0.1",
      "resolved": "https://registry.npmjs.org/process-nextick-args/-/process-nextick-args-2.0.1.tgz",
      "integrity": "sha512-3ouUOpQhtgrbOa17J7+uxOTpITYWaGP7/AhoR3+A+/1e9skrzelGi/dXzEYyvbxubEF6Wn2ypscTKiKJFFn1ag=="
    },
    "protocol-buffers-schema": {
      "version": "3.4.0",
      "resolved": "https://registry.npmjs.org/protocol-buffers-schema/-/protocol-buffers-schema-3.4.0.tgz",
      "integrity": "sha512-G/2kcamPF2S49W5yaMGdIpkG6+5wZF0fzBteLKgEHjbNzqjZQ85aAs1iJGto31EJaSTkNvHs5IXuHSaTLWBAiA=="
    },
    "random-bytes": {
      "version": "1.0.0",
      "resolved": "https://registry.npmjs.org/random-bytes/-/random-bytes-1.0.0.tgz",
      "integrity": "sha1-T2ih3Arli9P7lYSMMDJNt11kNgs="
    },
    "readable-stream": {
      "version": "2.3.7",
      "resolved": "https://registry.npmjs.org/readable-stream/-/readable-stream-2.3.7.tgz",
      "integrity": "sha512-Ebho8K4jIbHAxnuxi7o42OrZgF/ZTNcsZj6nRKyUmkhLFq8CHItp/fy6hQZuZmP/n3yZ9VBUbp4zz/mX8hmYPw==",
      "requires": {
        "core-util-is": "~1.0.0",
        "inherits": "~2.0.3",
        "isarray": "~1.0.0",
        "process-nextick-args": "~2.0.0",
        "safe-buffer": "~5.1.1",
        "string_decoder": "~1.1.1",
        "util-deprecate": "~1.0.1"
      }
    },
    "resolve-protobuf-schema": {
      "version": "2.1.0",
      "resolved": "https://registry.npmjs.org/resolve-protobuf-schema/-/resolve-protobuf-schema-2.1.0.tgz",
      "integrity": "sha512-kI5ffTiZWmJaS/huM8wZfEMer1eRd7oJQhDuxeCLe3t7N7mX3z94CN0xPxBQxFYQTSNz9T0i+v6inKqSdK8xrQ==",
      "requires": {
        "protocol-buffers-schema": "^3.3.1"
      }
    },
    "rndm": {
      "version": "1.2.0",
      "resolved": "https://registry.npmjs.org/rndm/-/rndm-1.2.0.tgz",
      "integrity": "sha1-8z/pz7Urv9UgqhgyO8ZdsRCht2w="
    },
    "run-parallel": {
      "version": "1.1.9",
      "resolved": "https://registry.npmjs.org/run-parallel/-/run-parallel-1.1.9.tgz",
      "integrity": "sha512-DEqnSRTDw/Tc3FXf49zedI638Z9onwUotBMiUFKmrO2sdFKIbXamXGQ3Axd4qgphxKB4kw/qP1w5kTxnfU1B9Q=="
    },
    "run-waterfall": {
      "version": "1.1.6",
      "resolved": "https://registry.npmjs.org/run-waterfall/-/run-waterfall-1.1.6.tgz",
      "integrity": "sha512-dApPbpIK0hbFi2zqfJxrsnfmJW2HCQHFrSsmqF3Fp9TKm5WVf++zE6BSw0hPcA7rPapO37h12Swk2E6Va3tF7Q=="
    },
    "safe-buffer": {
      "version": "5.1.2",
      "resolved": "https://registry.npmjs.org/safe-buffer/-/safe-buffer-5.1.2.tgz",
      "integrity": "sha512-Gd2UZBJDkXlY7GbJxfsE8/nvKkUEU1G38c1siN6QP6a9PT9MmHB8GnpscSmMJSoF8LOIrt8ud/wPtojys4G6+g=="
    },
    "shapefile": {
      "version": "0.6.6",
      "resolved": "https://registry.npmjs.org/shapefile/-/shapefile-0.6.6.tgz",
      "integrity": "sha512-rLGSWeK2ufzCVx05wYd+xrWnOOdSV7xNUW5/XFgx3Bc02hBkpMlrd2F1dDII7/jhWzv0MSyBFh5uJIy9hLdfuw==",
      "requires": {
        "array-source": "0.0",
        "commander": "2",
        "path-source": "0.1",
        "slice-source": "0.4",
        "stream-source": "0.3",
        "text-encoding": "^0.6.4"
      }
    },
    "slice-source": {
      "version": "0.4.1",
      "resolved": "https://registry.npmjs.org/slice-source/-/slice-source-0.4.1.tgz",
      "integrity": "sha1-QKV6wDxmaLXaIA4FN44AC/KmHXk="
    },
    "stream-source": {
      "version": "0.3.5",
      "resolved": "https://registry.npmjs.org/stream-source/-/stream-source-0.3.5.tgz",
      "integrity": "sha512-ZuEDP9sgjiAwUVoDModftG0JtYiLUV8K4ljYD1VyUMRWtbVf92474o4kuuul43iZ8t/hRuiDAx1dIJSvirrK/g=="
    },
    "string_decoder": {
      "version": "1.1.1",
      "resolved": "https://registry.npmjs.org/string_decoder/-/string_decoder-1.1.1.tgz",
      "integrity": "sha512-n/ShnvDi6FHbbVfviro+WojiFzv+s8MPMHBczVePfUpDJLwoLT0ht1l4YwBCbi8pJAveEEdnkHyPyTP/mzRfwg==",
      "requires": {
        "safe-buffer": "~5.1.0"
      }
    },
    "text-encoding": {
      "version": "0.6.4",
      "resolved": "https://registry.npmjs.org/text-encoding/-/text-encoding-0.6.4.tgz",
      "integrity": "sha1-45mpgiV6J22uQou5KEXLcb3CbRk="
    },
    "timed-cache": {
      "version": "1.1.3",
      "resolved": "https://registry.npmjs.org/timed-cache/-/timed-cache-1.1.3.tgz",
      "integrity": "sha512-EJFICpo2K4TP4AE+YcCEbiGI5IclkrOnlyeTGp1lJLIajcxTGRkTbMwo0t3Tkfm55R9HQ3k2fMdCh5SI8qEmWQ=="
    },
    "tsscmp": {
      "version": "1.0.6",
      "resolved": "https://registry.npmjs.org/tsscmp/-/tsscmp-1.0.6.tgz",
      "integrity": "sha512-LxhtAkPDTkVCMQjt2h6eBVY28KCjikZqZfMcC15YBeNjkgUpdCfBu5HoiOTDu86v6smE8yOjyEktJ8hlbANHQA=="
    },
    "type-is": {
      "version": "1.6.18",
      "resolved": "https://registry.npmjs.org/type-is/-/type-is-1.6.18.tgz",
      "integrity": "sha512-TkRKr9sUTxEH8MdfuCSP7VizJyzRNMjj2J2do2Jr3Kym598JVdEksuzPQCnlFPW4ky9Q+iA+ma9BGm06XQBy8g==",
      "requires": {
        "media-typer": "0.3.0",
        "mime-types": "~2.1.24"
      }
    },
    "typedarray": {
      "version": "0.0.6",
      "resolved": "https://registry.npmjs.org/typedarray/-/typedarray-0.0.6.tgz",
      "integrity": "sha1-hnrHTjhkGHsdPUfZlqeOxciDB3c="
    },
    "uid-safe": {
      "version": "2.1.5",
      "resolved": "https://registry.npmjs.org/uid-safe/-/uid-safe-2.1.5.tgz",
      "integrity": "sha512-KPHm4VL5dDXKz01UuEd88Df+KzynaohSL9fBh096KWAxSKZQDI2uBrVqtvRM4rwrIrRRKsdLNML/lnaaVSRioA==",
      "requires": {
        "random-bytes": "~1.0.0"
      }
    },
    "util-deprecate": {
      "version": "1.0.2",
      "resolved": "https://registry.npmjs.org/util-deprecate/-/util-deprecate-1.0.2.tgz",
      "integrity": "sha1-RQ1Nyfpw3nMnYvvS1KKJgUGaDM8="
    }
  }
}
