# THIS IS AN AUTOGENERATED FILE. DO NOT EDIT THIS FILE DIRECTLY.
# yarn lockfile v1


"@architect/functions@^3.7.6":
  version "3.8.1"
  resolved "https://registry.yarnpkg.com/@architect/functions/-/functions-3.8.1.tgz#4ef163dc730210c1c400c849fbe545c2d73bf4dc"
  integrity sha512-8cWjk92cvbxxur2nqz4tgjFTMnZyFc8lD4r58UjFmqBkfvuq15sm5yxpZNUX+eUfWiLbZkVQKwntODpKbZljfA==
  dependencies:
    aws-serverless-express "^3.3.6"
    cookie "^0.4.0"
    cookie-signature "^1.1.0"
    csrf "^3.1.0"
    mime-types "^2.1.26"
    node-webtokens "^1.0.4"
    run-parallel "^1.1.9"
    run-waterfall "^1.1.6"
    uid-safe "^2.1.5"

"@turf/bbox@^6.2.0-alpha.0":
  version "6.2.0-alpha.0"
  resolved "https://registry.yarnpkg.com/@turf/bbox/-/bbox-6.2.0-alpha.0.tgz#f2554365f5e3b3ed569414f73ec915eed973ba51"
  integrity sha512-9i9/TPqB3+1ziLBzuR8XQarWl317ARpXAgr8hJ3fJ1hR2Z9Z9Kvmq3cxhPNEzSEA/9k1poQDKJAq5Lnemd+7DA==
  dependencies:
    "@turf/helpers" "^6.2.0-alpha.0"
    "@turf/meta" "^6.2.0-alpha.0"

"@turf/boolean-point-in-polygon@^6.0.1":
  version "6.0.1"
  resolved "https://registry.yarnpkg.com/@turf/boolean-point-in-polygon/-/boolean-point-in-polygon-6.0.1.tgz#5836677afd77d2ee391af0056a0c29b660edfa32"
  integrity sha512-FKLOZ124vkJhjzNSDcqpwp2NvfnsbYoUOt5iAE7uskt4svix5hcjIEgX9sELFTJpbLGsD1mUbKdfns8tZxcMNg==
  dependencies:
    "@turf/helpers" "6.x"
    "@turf/invariant" "6.x"

"@turf/boolean-point-in-polygon@^6.2.0-alpha.0":
  version "6.2.0-alpha.0"
  resolved "https://registry.yarnpkg.com/@turf/boolean-point-in-polygon/-/boolean-point-in-polygon-6.2.0-alpha.0.tgz#85b0b07faf80e4bc8028bf1b74b6e4b4e679f60e"
  integrity sha512-rUCG6/ACvANX8qwf1UJZmvjJukXil2/wh0Q35B51K9oPjjsF5pwMApi/0oCT4xfPhqgM+5WpNlwXCI2bm1k9SQ==
  dependencies:
    "@turf/helpers" "^6.2.0-alpha.0"
    "@turf/invariant" "^6.2.0-alpha.0"

"@turf/center@^6.2.0-alpha.0":
  version "6.2.0-alpha.0"
  resolved "https://registry.yarnpkg.com/@turf/center/-/center-6.2.0-alpha.0.tgz#04b49320b20b98085820333640ebca019c0dfd3d"
  integrity sha512-9HrKWa0Pxw/Pd8iuwjIkGXwxnl3oIC0cENwnaxO+BIWGYYH1Gc6rjDpm9mWTf1MjB85YzJjGnCEYjqz2YViW+Q==
  dependencies:
    "@turf/bbox" "^6.2.0-alpha.0"
    "@turf/helpers" "^6.2.0-alpha.0"

"@turf/helpers@6.x", "@turf/helpers@^6.1.4":
  version "6.1.4"
  resolved "https://registry.yarnpkg.com/@turf/helpers/-/helpers-6.1.4.tgz#d6fd7ebe6782dd9c87dca5559bda5c48ae4c3836"
  integrity sha512-vJvrdOZy1ngC7r3MDA7zIGSoIgyrkWcGnNIEaqn/APmw+bVLF2gAW7HIsdTxd12s5wQMqEpqIQrmrbRRZ0xC7g==

"@turf/helpers@^6.2.0-alpha.0":
  version "6.2.0-alpha.0"
  resolved "https://registry.yarnpkg.com/@turf/helpers/-/helpers-6.2.0-alpha.0.tgz#6975b4d46eb372019591d42547dcd31a29e4c0ae"
  integrity sha512-OvRrP+63yzz4jmcdbv5EZpgNGEPtJCXb63t0g7LHoa+DKiYaSKF2zO8h1IV7XjiH4yj8gVWjuzxwRaqLrgEg+A==

"@turf/invariant@6.x":
  version "6.1.2"
  resolved "https://registry.yarnpkg.com/@turf/invariant/-/invariant-6.1.2.tgz#6013ed6219f9ac2edada9b31e1dfa5918eb0a2f7"
  integrity sha512-WU08Ph8j0J2jVGlQCKChXoCtI50BB3yEH21V++V0T4cR1T27HKCxkehV2sYMwTierfMBgjwSwDIsxnR4/2mWXg==
  dependencies:
    "@turf/helpers" "6.x"

"@turf/invariant@^6.2.0-alpha.0":
  version "6.2.0-alpha.0"
  resolved "https://registry.yarnpkg.com/@turf/invariant/-/invariant-6.2.0-alpha.0.tgz#0f384a2584fdb0afc7c8a0b6a9dad1bc146efaa5"
  integrity sha512-QDcOF883VMCS8sFdgsgawc9cWiq+hIdrTEL6nPFr47Sndq1rtkjK4F1upZFJ4PmhmGRc2+5WMfc6IbU2YDrN+w==
  dependencies:
    "@turf/helpers" "^6.2.0-alpha.0"

"@turf/meta@^6.2.0-alpha.0":
  version "6.2.0-alpha.0"
  resolved "https://registry.yarnpkg.com/@turf/meta/-/meta-6.2.0-alpha.0.tgz#bb2a2cc9332a3439ff9e8eb3b6efac2a87e13c63"
  integrity sha512-zTcSVuPJcEyZ9xeLs9ymZnvz7TrIApjFpdXhUV6XGQSceQygJZssQ6BMXaPnzfc45Wo3qRtEgRmlOZC+WFKCjA==
  dependencies:
    "@turf/helpers" "^6.2.0-alpha.0"

"@turf/union@^6.2.0-alpha.0":
  version "6.2.0-alpha.0"
  resolved "https://registry.yarnpkg.com/@turf/union/-/union-6.2.0-alpha.0.tgz#375243d55ebc0b3920b01d6b52a27d21ed2a61fe"
  integrity sha512-Vj0V4xkyB9muvGxG9m+36gL9rVPjUfFoglwQ+vyKcQeKxrSsZUxwYiWrBDLAVrT1bAUb8sDXOoiHyfGlyIJ1Uw==
  dependencies:
    "@turf/helpers" "^6.2.0-alpha.0"
    "@turf/invariant" "^6.2.0-alpha.0"
    martinez-polygon-clipping "^0.6.2"

array-source@0.0:
  version "0.0.4"
  resolved "https://registry.yarnpkg.com/array-source/-/array-source-0.0.4.tgz#a525df4a84b1376d27c677cd426a97c3882f8aca"
  integrity sha512-frNdc+zBn80vipY+GdcJkLEbMWj3xmzArYApmUGxoiV8uAu/ygcs9icPdsGdA26h0MkHUMW6EN2piIvVx+M5Mw==

aws-serverless-express@^3.3.6:
  version "3.3.8"
  resolved "https://registry.yarnpkg.com/aws-serverless-express/-/aws-serverless-express-3.3.8.tgz#8c05e0ce3651fc277725c6d2e1b8f8a36dbe4f4b"
  integrity sha512-2TQdF5EhxnAtGeEi+wSi2M3xCfpiemuImnpU7HKih3onH0izJ/G2tkM+gwcGHZEsW/gLWFl/JjQAYGa3fILfvw==
  dependencies:
    binary-case "^1.0.0"
    type-is "^1.6.16"

binary-case@^1.0.0:
  version "1.1.4"
  resolved "https://registry.yarnpkg.com/binary-case/-/binary-case-1.1.4.tgz#d687104d59e38f2b9e658d3a58936963c59ab931"
  integrity sha512-9Kq8m6NZTAgy05Ryuh7U3Qc4/ujLQU1AZ5vMw4cr3igTdi5itZC6kCNrRr2X8NzPiDn2oUIFTfa71DKMnue/Zg==

buffer-from@^1.0.0:
  version "1.1.1"
  resolved "https://registry.yarnpkg.com/buffer-from/-/buffer-from-1.1.1.tgz#32713bc028f75c02fdb710d7c7bcec1f2c6070ef"
  integrity sha512-MQcXEUbCKtEo7bhqEs6560Hyd4XaovZlO/k9V3hjVUF/zwW7KBVdSK4gIt/bzwS9MbR5qob+F5jusZsb0YQK2A==

commander@2:
  version "2.20.3"
  resolved "https://registry.yarnpkg.com/commander/-/commander-2.20.3.tgz#fd485e84c03eb4881c20722ba48035e8531aeb33"
  integrity sha512-GpVkmM8vF2vQUkj2LvZmD35JxeJOLCwJ9cUkugyk2nuhbv3+mJvpLYYt+0+USMxE+oj+ey/lJEnhZw75x/OMcQ==

concat-stream@^1.6.2:
  version "1.6.2"
  resolved "https://registry.yarnpkg.com/concat-stream/-/concat-stream-1.6.2.tgz#904bdf194cd3122fc675c77fc4ac3d4ff0fd1a34"
  integrity sha512-27HBghJxjiZtIk3Ycvn/4kbJk/1uZuJFfuPEns6LaEvpvG1f0hTea8lilrouyo9mVc2GWdcEZ8OLoGmSADlrCw==
  dependencies:
    buffer-from "^1.0.0"
    inherits "^2.0.3"
    readable-stream "^2.2.2"
    typedarray "^0.0.6"

cookie-signature@^1.1.0:
  version "1.1.0"
  resolved "https://registry.yarnpkg.com/cookie-signature/-/cookie-signature-1.1.0.tgz#cc94974f91fb9a9c1bb485e95fc2b7f4b120aff2"
  integrity sha512-Alvs19Vgq07eunykd3Xy2jF0/qSNv2u7KDbAek9H5liV1UMijbqFs5cycZvv5dVsvseT/U4H8/7/w8Koh35C4A==

cookie@^0.4.0:
  version "0.4.0"
  resolved "https://registry.yarnpkg.com/cookie/-/cookie-0.4.0.tgz#beb437e7022b3b6d49019d088665303ebe9c14ba"
  integrity sha512-+Hp8fLp57wnUSt0tY0tHEXh4voZRDnoIrZPqlo3DPiI4y9lwg/jqx+1Om94/W6ZaPDOUbnjOt/99w66zk+l1Xg==

core-util-is@~1.0.0:
  version "1.0.2"
  resolved "https://registry.yarnpkg.com/core-util-is/-/core-util-is-1.0.2.tgz#b5fd54220aa2bc5ab57aab7140c940754503c1a7"
  integrity sha1-tf1UIgqivFq1eqtxQMlAdUUDwac=

csrf@^3.1.0:
  version "3.1.0"
  resolved "https://registry.yarnpkg.com/csrf/-/csrf-3.1.0.tgz#ec75e9656d004d674b8ef5ba47b41fbfd6cb9c30"
  integrity sha512-uTqEnCvWRk042asU6JtapDTcJeeailFy4ydOQS28bj1hcLnYRiqi8SsD2jS412AY1I/4qdOwWZun774iqywf9w==
  dependencies:
    rndm "1.2.0"
    tsscmp "1.0.6"
    uid-safe "2.1.5"

esm@^3.2.25:
  version "3.2.25"
  resolved "https://registry.yarnpkg.com/esm/-/esm-3.2.25.tgz#342c18c29d56157688ba5ce31f8431fbb795cc10"
  integrity sha512-U1suiZ2oDVWv4zPO56S0NcR5QriEahGtdN2OR6FiOG4WJvcjBVFB0qI4+eKoWFH483PKGuLuu6V8Z4T5g63UVA==

file-source@0.6:
  version "0.6.1"
  resolved "https://registry.yarnpkg.com/file-source/-/file-source-0.6.1.tgz#ae189d4993766b865a77f83adcf9b9a504cd37dc"
  integrity sha1-rhidSZN2a4Zad/g63Pm5pQTNN9w=
  dependencies:
    stream-source "0.3"

geo-tz@^5.1.0:
  version "5.1.0"
  resolved "https://registry.yarnpkg.com/geo-tz/-/geo-tz-5.1.0.tgz#7cfb3046109287b8f0d1ed5d54cf4ffab1b4fbf4"
  integrity sha512-W5eiXHAgfQz41jDf0KvBjvwOblySw3yz7cjeUjwezKTVt9GILNCsoMN7xXWdS5PncH+ZS01IzjfiBs1WqHSJ8A==
  dependencies:
    "@turf/boolean-point-in-polygon" "^6.0.1"
    "@turf/helpers" "^6.1.4"
    geobuf "^3.0.1"
    pbf "^3.2.0"
    timed-cache "^1.1.1"

geobuf@^3.0.1:
  version "3.0.1"
  resolved "https://registry.yarnpkg.com/geobuf/-/geobuf-3.0.1.tgz#1de4376f1d270c87ea7551a12b857cf89ae777ad"
  integrity sha512-6gwj0B9oJaOVcG1HFliN/nmsUFq4FRlVmMKyykQ7lV574PeRHJH6ByB7HZtwztpDzJc8RJHUQhH5jH7Sg6EYvA==
  dependencies:
    concat-stream "^1.6.2"
    pbf "^3.1.0"
    shapefile "~0.6.6"

ieee754@^1.1.12:
  version "1.1.13"
  resolved "https://registry.yarnpkg.com/ieee754/-/ieee754-1.1.13.tgz#ec168558e95aa181fd87d37f55c32bbcb6708b84"
  integrity sha512-4vf7I2LYV/HaWerSo3XmlMkp5eZ83i+/CDluXi/IGTs/O1sejBNhTtnxzmRZfvOUqj7lZjqHkeTvpgSFDlWZTg==

inherits@^2.0.3, inherits@~2.0.3:
  version "2.0.4"
  resolved "https://registry.yarnpkg.com/inherits/-/inherits-2.0.4.tgz#0fa2c64f932917c3433a0ded55363aae37416b7c"
  integrity sha512-k/vGaX4/Yla3WzyMCvTQOXYeIHvqOKtnqBduzTHpzpQZzAskKMhZ2K+EnBiSM9zGSoIFeMpXKxa4dYeZIQqewQ==

isarray@~1.0.0:
  version "1.0.0"
  resolved "https://registry.yarnpkg.com/isarray/-/isarray-1.0.0.tgz#bb935d48582cba168c06834957a54a3e07124f11"
  integrity sha1-u5NdSFgsuhaMBoNJV6VKPgcSTxE=

martinez-polygon-clipping@^0.6.2:
  version "0.6.2"
  resolved "https://registry.yarnpkg.com/martinez-polygon-clipping/-/martinez-polygon-clipping-0.6.2.tgz#4b228660312c42b8dd21e2609fbfcab3dc835e90"
  integrity sha512-uHDcTSLK/2jMEF13LhzmmZwSHuyoLkjh+JmhbgMyYwHDyQJdcTvUYMOkyVEz4Hc0vCEN+qxyUt3GH0S0BorofA==
  dependencies:
    robust-predicates "^2.0.4"
    splaytree "^0.1.4"
    tinyqueue "^1.2.0"

media-typer@0.3.0:
  version "0.3.0"
  resolved "https://registry.yarnpkg.com/media-typer/-/media-typer-0.3.0.tgz#8710d7af0aa626f8fffa1ce00168545263255748"
  integrity sha1-hxDXrwqmJvj/+hzgAWhUUmMlV0g=

mime-db@1.43.0:
  version "1.43.0"
  resolved "https://registry.yarnpkg.com/mime-db/-/mime-db-1.43.0.tgz#0a12e0502650e473d735535050e7c8f4eb4fae58"
  integrity sha512-+5dsGEEovYbT8UY9yD7eE4XTc4UwJ1jBYlgaQQF38ENsKR3wj/8q8RFZrF9WIZpB2V1ArTVFUva8sAul1NzRzQ==

mime-types@^2.1.26, mime-types@~2.1.24:
  version "2.1.26"
  resolved "https://registry.yarnpkg.com/mime-types/-/mime-types-2.1.26.tgz#9c921fc09b7e149a65dfdc0da4d20997200b0a06"
  integrity sha512-01paPWYgLrkqAyrlDorC1uDwl2p3qZT7yl806vW7DvDoxwXi46jsjFbg+WdwotBIk6/MbEhO/dh5aZ5sNj/dWQ==
  dependencies:
    mime-db "1.43.0"

node-webtokens@^1.0.4:
  version "1.0.4"
  resolved "https://registry.yarnpkg.com/node-webtokens/-/node-webtokens-1.0.4.tgz#e0e1c832fa3f69bbba2a15aca1a94d3b8af26263"
  integrity sha512-Sla56CeSLWvPbwud2kogqf5edQtKNXZBtXDDpmOzAgNZjwETbK/Am6PXfs54iZPLBm8K8amZ9XWaCQwGqZmKyQ==

path-source@0.1:
  version "0.1.3"
  resolved "https://registry.yarnpkg.com/path-source/-/path-source-0.1.3.tgz#03907c595480aa2596a15a901c44f745736e7a73"
  integrity sha512-dWRHm5mIw5kw0cs3QZLNmpUWty48f5+5v9nWD2dw3Y0Hf+s01Ag8iJEWV0Sm0kocE8kK27DrIowha03e1YR+Qw==
  dependencies:
    array-source "0.0"
    file-source "0.6"

pbf@^3.1.0, pbf@^3.2.0:
  version "3.2.1"
  resolved "https://registry.yarnpkg.com/pbf/-/pbf-3.2.1.tgz#b4c1b9e72af966cd82c6531691115cc0409ffe2a"
  integrity sha512-ClrV7pNOn7rtmoQVF4TS1vyU0WhYRnP92fzbfF75jAIwpnzdJXf8iTd4CMEqO4yUenH6NDqLiwjqlh6QgZzgLQ==
  dependencies:
    ieee754 "^1.1.12"
    resolve-protobuf-schema "^2.1.0"

process-nextick-args@~2.0.0:
  version "2.0.1"
  resolved "https://registry.yarnpkg.com/process-nextick-args/-/process-nextick-args-2.0.1.tgz#7820d9b16120cc55ca9ae7792680ae7dba6d7fe2"
  integrity sha512-3ouUOpQhtgrbOa17J7+uxOTpITYWaGP7/AhoR3+A+/1e9skrzelGi/dXzEYyvbxubEF6Wn2ypscTKiKJFFn1ag==

protocol-buffers-schema@^3.3.1:
  version "3.4.0"
  resolved "https://registry.yarnpkg.com/protocol-buffers-schema/-/protocol-buffers-schema-3.4.0.tgz#2f0ea31ca96627d680bf2fefae7ebfa2b6453eae"
  integrity sha512-G/2kcamPF2S49W5yaMGdIpkG6+5wZF0fzBteLKgEHjbNzqjZQ85aAs1iJGto31EJaSTkNvHs5IXuHSaTLWBAiA==

random-bytes@~1.0.0:
  version "1.0.0"
  resolved "https://registry.yarnpkg.com/random-bytes/-/random-bytes-1.0.0.tgz#4f68a1dc0ae58bd3fb95848c30324db75d64360b"
  integrity sha1-T2ih3Arli9P7lYSMMDJNt11kNgs=

readable-stream@^2.2.2:
  version "2.3.7"
  resolved "https://registry.yarnpkg.com/readable-stream/-/readable-stream-2.3.7.tgz#1eca1cf711aef814c04f62252a36a62f6cb23b57"
  integrity sha512-Ebho8K4jIbHAxnuxi7o42OrZgF/ZTNcsZj6nRKyUmkhLFq8CHItp/fy6hQZuZmP/n3yZ9VBUbp4zz/mX8hmYPw==
  dependencies:
    core-util-is "~1.0.0"
    inherits "~2.0.3"
    isarray "~1.0.0"
    process-nextick-args "~2.0.0"
    safe-buffer "~5.1.1"
    string_decoder "~1.1.1"
    util-deprecate "~1.0.1"

resolve-protobuf-schema@^2.1.0:
  version "2.1.0"
  resolved "https://registry.yarnpkg.com/resolve-protobuf-schema/-/resolve-protobuf-schema-2.1.0.tgz#9ca9a9e69cf192bbdaf1006ec1973948aa4a3758"
  integrity sha512-kI5ffTiZWmJaS/huM8wZfEMer1eRd7oJQhDuxeCLe3t7N7mX3z94CN0xPxBQxFYQTSNz9T0i+v6inKqSdK8xrQ==
  dependencies:
    protocol-buffers-schema "^3.3.1"

rndm@1.2.0:
  version "1.2.0"
  resolved "https://registry.yarnpkg.com/rndm/-/rndm-1.2.0.tgz#f33fe9cfb52bbfd520aa18323bc65db110a1b76c"
  integrity sha1-8z/pz7Urv9UgqhgyO8ZdsRCht2w=

robust-predicates@^2.0.4:
  version "2.0.4"
  resolved "https://registry.yarnpkg.com/robust-predicates/-/robust-predicates-2.0.4.tgz#0a2367a93abd99676d075981707f29cfb402248b"
  integrity sha512-l4NwboJM74Ilm4VKfbAtFeGq7aEjWL+5kVFcmgFA2MrdnQWx9iE/tUGvxY5HyMI7o/WpSIUFLbC5fbeaHgSCYg==

run-parallel@^1.1.9:
  version "1.1.9"
  resolved "https://registry.yarnpkg.com/run-parallel/-/run-parallel-1.1.9.tgz#c9dd3a7cf9f4b2c4b6244e173a6ed866e61dd679"
  integrity sha512-DEqnSRTDw/Tc3FXf49zedI638Z9onwUotBMiUFKmrO2sdFKIbXamXGQ3Axd4qgphxKB4kw/qP1w5kTxnfU1B9Q==

run-waterfall@^1.1.6:
  version "1.1.6"
  resolved "https://registry.yarnpkg.com/run-waterfall/-/run-waterfall-1.1.6.tgz#3aebfeb60155539bf1ff4a30b66706ae77df9f74"
  integrity sha512-dApPbpIK0hbFi2zqfJxrsnfmJW2HCQHFrSsmqF3Fp9TKm5WVf++zE6BSw0hPcA7rPapO37h12Swk2E6Va3tF7Q==

safe-buffer@~5.1.0, safe-buffer@~5.1.1:
  version "5.1.2"
  resolved "https://registry.yarnpkg.com/safe-buffer/-/safe-buffer-5.1.2.tgz#991ec69d296e0313747d59bdfd2b745c35f8828d"
  integrity sha512-Gd2UZBJDkXlY7GbJxfsE8/nvKkUEU1G38c1siN6QP6a9PT9MmHB8GnpscSmMJSoF8LOIrt8ud/wPtojys4G6+g==

shapefile@~0.6.6:
  version "0.6.6"
  resolved "https://registry.yarnpkg.com/shapefile/-/shapefile-0.6.6.tgz#6fee152b9fb2b1c85f690285b692fb68c95a5f4f"
  integrity sha512-rLGSWeK2ufzCVx05wYd+xrWnOOdSV7xNUW5/XFgx3Bc02hBkpMlrd2F1dDII7/jhWzv0MSyBFh5uJIy9hLdfuw==
  dependencies:
    array-source "0.0"
    commander "2"
    path-source "0.1"
    slice-source "0.4"
    stream-source "0.3"
    text-encoding "^0.6.4"

slice-source@0.4:
  version "0.4.1"
  resolved "https://registry.yarnpkg.com/slice-source/-/slice-source-0.4.1.tgz#40a57ac03c6668b5da200e05378e000bf2a61d79"
  integrity sha1-QKV6wDxmaLXaIA4FN44AC/KmHXk=

splaytree@^0.1.4:
  version "0.1.4"
  resolved "https://registry.yarnpkg.com/splaytree/-/splaytree-0.1.4.tgz#fc35475248edcc29d4938c9b67e43c6b7e55a659"
  integrity sha512-D50hKrjZgBzqD3FT2Ek53f2dcDLAQT8SSGrzj3vidNH5ISRgceeGVJ2dQIthKOuayqFXfFjXheHNo4bbt9LhRQ==

stream-source@0.3:
  version "0.3.5"
  resolved "https://registry.yarnpkg.com/stream-source/-/stream-source-0.3.5.tgz#b97f52d0f8ea566db071db679b985403a31e0340"
  integrity sha512-ZuEDP9sgjiAwUVoDModftG0JtYiLUV8K4ljYD1VyUMRWtbVf92474o4kuuul43iZ8t/hRuiDAx1dIJSvirrK/g==

string_decoder@~1.1.1:
  version "1.1.1"
  resolved "https://registry.yarnpkg.com/string_decoder/-/string_decoder-1.1.1.tgz#9cf1611ba62685d7030ae9e4ba34149c3af03fc8"
  integrity sha512-n/ShnvDi6FHbbVfviro+WojiFzv+s8MPMHBczVePfUpDJLwoLT0ht1l4YwBCbi8pJAveEEdnkHyPyTP/mzRfwg==
  dependencies:
    safe-buffer "~5.1.0"

text-encoding@^0.6.4:
  version "0.6.4"
  resolved "https://registry.yarnpkg.com/text-encoding/-/text-encoding-0.6.4.tgz#e399a982257a276dae428bb92845cb71bdc26d19"
  integrity sha1-45mpgiV6J22uQou5KEXLcb3CbRk=

timed-cache@^1.1.1:
  version "1.1.3"
  resolved "https://registry.yarnpkg.com/timed-cache/-/timed-cache-1.1.3.tgz#ebaf310fb6b0239907e8dbcf7921973df129d387"
  integrity sha512-EJFICpo2K4TP4AE+YcCEbiGI5IclkrOnlyeTGp1lJLIajcxTGRkTbMwo0t3Tkfm55R9HQ3k2fMdCh5SI8qEmWQ==

tinyqueue@^1.2.0:
  version "1.2.3"
  resolved "https://registry.yarnpkg.com/tinyqueue/-/tinyqueue-1.2.3.tgz#b6a61de23060584da29f82362e45df1ec7353f3d"
  integrity sha512-Qz9RgWuO9l8lT+Y9xvbzhPT2efIUIFd69N7eF7tJ9lnQl0iLj1M7peK7IoUGZL9DJHw9XftqLreccfxcQgYLxA==

tsscmp@1.0.6:
  version "1.0.6"
  resolved "https://registry.yarnpkg.com/tsscmp/-/tsscmp-1.0.6.tgz#85b99583ac3589ec4bfef825b5000aa911d605eb"
  integrity sha512-LxhtAkPDTkVCMQjt2h6eBVY28KCjikZqZfMcC15YBeNjkgUpdCfBu5HoiOTDu86v6smE8yOjyEktJ8hlbANHQA==

type-is@^1.6.16:
  version "1.6.18"
  resolved "https://registry.yarnpkg.com/type-is/-/type-is-1.6.18.tgz#4e552cd05df09467dcbc4ef739de89f2cf37c131"
  integrity sha512-TkRKr9sUTxEH8MdfuCSP7VizJyzRNMjj2J2do2Jr3Kym598JVdEksuzPQCnlFPW4ky9Q+iA+ma9BGm06XQBy8g==
  dependencies:
    media-typer "0.3.0"
    mime-types "~2.1.24"

typedarray@^0.0.6:
  version "0.0.6"
  resolved "https://registry.yarnpkg.com/typedarray/-/typedarray-0.0.6.tgz#867ac74e3864187b1d3d47d996a78ec5c8830777"
  integrity sha1-hnrHTjhkGHsdPUfZlqeOxciDB3c=

uid-safe@2.1.5, uid-safe@^2.1.5:
  version "2.1.5"
  resolved "https://registry.yarnpkg.com/uid-safe/-/uid-safe-2.1.5.tgz#2b3d5c7240e8fc2e58f8aa269e5ee49c0857bd3a"
  integrity sha512-KPHm4VL5dDXKz01UuEd88Df+KzynaohSL9fBh096KWAxSKZQDI2uBrVqtvRM4rwrIrRRKsdLNML/lnaaVSRioA==
  dependencies:
    random-bytes "~1.0.0"

util-deprecate@~1.0.1:
  version "1.0.2"
  resolved "https://registry.yarnpkg.com/util-deprecate/-/util-deprecate-1.0.2.tgz#450d4dc9fa70de732762fbd2d4a28981419a0ccf"
  integrity sha1-RQ1Nyfpw3nMnYvvS1KKJgUGaDM8=
